
Microsoft Visual Studio Solution File, Format Version 12.00
# Visual Studio Version 16
VisualStudioVersion = 16.0.28803.571
MinimumVisualStudioVersion = 10.0.40219.1
Project("{FAE04EC0-301F-11D3-BF4B-00C04F79EFBC}") = "DevOpsDemo", "DevOpsDemo\DevOpsDemo.csproj", "{4A482B96-C43F-432C-8DCF-85EBD2558626}"
EndProject
Project("{FAE04EC0-301F-11D3-BF4B-00C04F79EFBC}") = "DevOpsDemo.Test", "DevOpsDemo.Test\DevOpsDemo.Test.csproj", "{F1C1496B-A1FB-489D-BA4B-76C731C5BD04}"
EndProject
Global
	GlobalSection(SolutionConfigurationPlatforms) = preSolution
		Debug|Any CPU = Debug|Any CPU
		Release|Any CPU = Release|Any CPU
	EndGlobalSection
	GlobalSection(ProjectConfigurationPlatforms) = postSolution
		{4A482B96-C43F-432C-8DCF-85EBD2558626}.Debug|Any CPU.ActiveCfg = Debug|Any CPU
		{4A482B96-C43F-432C-8DCF-85EBD2558626}.Debug|Any CPU.Build.0 = Debug|Any CPU
		{4A482B96-C43F-432C-8DCF-85EBD2558626}.Release|Any CPU.ActiveCfg = Release|Any CPU
		{4A482B96-C43F-432C-8DCF-85EBD2558626}.Release|Any CPU.Build.0 = Release|Any CPU
		{F1C1496B-A1FB-489D-BA4B-76C731C5BD04}.Debug|Any CPU.ActiveCfg = Debug|Any CPU
		{F1C1496B-A1FB-489D-BA4B-76C731C5BD04}.Debug|Any CPU.Build.0 = Debug|Any CPU
		{F1C1496B-A1FB-489D-BA4B-76C731C5BD04}.Release|Any CPU.ActiveCfg = Release|Any CPU
		{F1C1496B-A1FB-489D-BA4B-76C731C5BD04}.Release|Any CPU.Build.0 = Release|Any CPU
	EndGlobalSection
	GlobalSection(SolutionProperties) = preSolution
		HideSolutionNode = FALSE
	EndGlobalSection
	GlobalSection(ExtensibilityGlobals) = postSolution
		SolutionGuid = {9DDF5E01-B68E-45CD-BE59-AF8A345A9306}
	EndGlobalSection
EndGlobal
